// !$*UTF8*$!
{
	archiveVersion = 1;
	classes = {
	};
	objectVersion = 55;
	objects = {

/* Begin PBXBuildFile section */
		B627BEFB282911D0008F64EA /* ViewController.swift in Sources */ = {isa = PBXBuildFile; fileRef = B627BEFA282911D0008F64EA /* ViewController.swift */; };
		B627BF0328291654008F64EA /* RootFeature.swift in Sources */ = {isa = PBXBuildFile; fileRef = B627BF0228291654008F64EA /* RootFeature.swift */; };
		B627BF0528295B3B008F64EA /* FeatureOne.swift in Sources */ = {isa = PBXBuildFile; fileRef = B627BF0428295B3B008F64EA /* FeatureOne.swift */; };
		B64806A0276AB61500132332 /* AppDelegate.swift in Sources */ = {isa = PBXBuildFile; fileRef = B648069F276AB61500132332 /* AppDelegate.swift */; };
		B64806A2276AB61500132332 /* SceneDelegate.swift in Sources */ = {isa = PBXBuildFile; fileRef = B64806A1276AB61500132332 /* SceneDelegate.swift */; };
		B64806A4276AB61500132332 /* BaseviewController.swift in Sources */ = {isa = PBXBuildFile; fileRef = B64806A3276AB61500132332 /* BaseviewController.swift */; };
		B64806A7276AB61500132332 /* Main.storyboard in Resources */ = {isa = PBXBuildFile; fileRef = B64806A5276AB61500132332 /* Main.storyboard */; };
		B64806A9276AB61600132332 /* Assets.xcassets in Resources */ = {isa = PBXBuildFile; fileRef = B64806A8276AB61600132332 /* Assets.xcassets */; };
		B64806AC276AB61600132332 /* LaunchScreen.storyboard in Resources */ = {isa = PBXBuildFile; fileRef = B64806AA276AB61600132332 /* LaunchScreen.storyboard */; };
		B64806B7276AB61600132332 /* exampleTests.swift in Sources */ = {isa = PBXBuildFile; fileRef = B64806B6276AB61600132332 /* exampleTests.swift */; };
		B64806C1276AB61600132332 /* exampleUITests.swift in Sources */ = {isa = PBXBuildFile; fileRef = B64806C0276AB61600132332 /* exampleUITests.swift */; };
		B64806C3276AB61600132332 /* exampleUITestsLaunchTests.swift in Sources */ = {isa = PBXBuildFile; fileRef = B64806C2276AB61600132332 /* exampleUITestsLaunchTests.swift */; };
		B64806DA276ABB5E00132332 /* XCTest.framework in Frameworks */ = {isa = PBXBuildFile; fileRef = B64806D6276AB70400132332 /* XCTest.framework */; settings = {ATTRIBUTES = (Weak, ); }; };
/* End PBXBuildFile section */

/* Begin PBXContainerItemProxy section */
		B64806B3276AB61600132332 /* PBXContainerItemProxy */ = {
			isa = PBXContainerItemProxy;
			containerPortal = B6480694276AB61500132332 /* Project object */;
			proxyType = 1;
			remoteGlobalIDString = B648069B276AB61500132332;
			remoteInfo = example;
		};
		B64806BD276AB61600132332 /* PBXContainerItemProxy */ = {
			isa = PBXContainerItemProxy;
			containerPortal = B6480694276AB61500132332 /* Project object */;
			proxyType = 1;
			remoteGlobalIDString = B648069B276AB61500132332;
			remoteInfo = example;
		};
/* End PBXContainerItemProxy section */

/* Begin PBXFileReference section */
		B627BEFA282911D0008F64EA /* ViewController.swift */ = {isa = PBXFileReference; lastKnownFileType = sourcecode.swift; path = ViewController.swift; sourceTree = "<group>"; };
		B627BF0228291654008F64EA /* RootFeature.swift */ = {isa = PBXFileReference; lastKnownFileType = sourcecode.swift; path = RootFeature.swift; sourceTree = "<group>"; };
		B627BF0428295B3B008F64EA /* FeatureOne.swift */ = {isa = PBXFileReference; lastKnownFileType = sourcecode.swift; path = FeatureOne.swift; sourceTree = "<group>"; };
		B648069C276AB61500132332 /* example.app */ = {isa = PBXFileReference; explicitFileType = wrapper.application; includeInIndex = 0; path = example.app; sourceTree = BUILT_PRODUCTS_DIR; };
		B648069F276AB61500132332 /* AppDelegate.swift */ = {isa = PBXFileReference; lastKnownFileType = sourcecode.swift; path = AppDelegate.swift; sourceTree = "<group>"; };
		B64806A1276AB61500132332 /* SceneDelegate.swift */ = {isa = PBXFileReference; lastKnownFileType = sourcecode.swift; path = SceneDelegate.swift; sourceTree = "<group>"; };
		B64806A3276AB61500132332 /* BaseviewController.swift */ = {isa = PBXFileReference; lastKnownFileType = sourcecode.swift; path = BaseviewController.swift; sourceTree = "<group>"; };
		B64806A6276AB61500132332 /* Base */ = {isa = PBXFileReference; lastKnownFileType = file.storyboard; name = Base; path = Base.lproj/Main.storyboard; sourceTree = "<group>"; };
		B64806A8276AB61600132332 /* Assets.xcassets */ = {isa = PBXFileReference; lastKnownFileType = folder.assetcatalog; path = Assets.xcassets; sourceTree = "<group>"; };
		B64806AB276AB61600132332 /* Base */ = {isa = PBXFileReference; lastKnownFileType = file.storyboard; name = Base; path = Base.lproj/LaunchScreen.storyboard; sourceTree = "<group>"; };
		B64806AD276AB61600132332 /* Info.plist */ = {isa = PBXFileReference; lastKnownFileType = text.plist.xml; path = Info.plist; sourceTree = "<group>"; };
		B64806B2276AB61600132332 /* exampleTests.xctest */ = {isa = PBXFileReference; explicitFileType = wrapper.cfbundle; includeInIndex = 0; path = exampleTests.xctest; sourceTree = BUILT_PRODUCTS_DIR; };
		B64806B6276AB61600132332 /* exampleTests.swift */ = {isa = PBXFileReference; lastKnownFileType = sourcecode.swift; path = exampleTests.swift; sourceTree = "<group>"; };
		B64806BC276AB61600132332 /* exampleUITests.xctest */ = {isa = PBXFileReference; explicitFileType = wrapper.cfbundle; includeInIndex = 0; path = exampleUITests.xctest; sourceTree = BUILT_PRODUCTS_DIR; };
		B64806C0276AB61600132332 /* exampleUITests.swift */ = {isa = PBXFileReference; lastKnownFileType = sourcecode.swift; path = exampleUITests.swift; sourceTree = "<group>"; };
		B64806C2276AB61600132332 /* exampleUITestsLaunchTests.swift */ = {isa = PBXFileReference; lastKnownFileType = sourcecode.swift; path = exampleUITestsLaunchTests.swift; sourceTree = "<group>"; };
		B64806D4276AB6E400132332 /* ACIPCBTLib.tbd */ = {isa = PBXFileReference; lastKnownFileType = "sourcecode.text-based-dylib-definition"; name = ACIPCBTLib.tbd; path = usr/lib/ACIPCBTLib.tbd; sourceTree = SDKROOT; };
		B64806D6276AB70400132332 /* XCTest.framework */ = {isa = PBXFileReference; lastKnownFileType = wrapper.framework; name = XCTest.framework; path = Platforms/iPhoneOS.platform/Developer/Library/Frameworks/XCTest.framework; sourceTree = DEVELOPER_DIR; };
/* End PBXFileReference section */

/* Begin PBXFrameworksBuildPhase section */
		B6480699276AB61500132332 /* Frameworks */ = {
			isa = PBXFrameworksBuildPhase;
			buildActionMask = 2147483647;
			files = (
				B64806DA276ABB5E00132332 /* XCTest.framework in Frameworks */,
			);
			runOnlyForDeploymentPostprocessing = 0;
		};
		B64806AF276AB61600132332 /* Frameworks */ = {
			isa = PBXFrameworksBuildPhase;
			buildActionMask = 2147483647;
			files = (
			);
			runOnlyForDeploymentPostprocessing = 0;
		};
		B64806B9276AB61600132332 /* Frameworks */ = {
			isa = PBXFrameworksBuildPhase;
			buildActionMask = 2147483647;
			files = (
			);
			runOnlyForDeploymentPostprocessing = 0;
		};
/* End PBXFrameworksBuildPhase section */

/* Begin PBXGroup section */
		B627BEF8282910DD008F64EA /* views */ = {
			isa = PBXGroup;
			children = (
				B627BF0228291654008F64EA /* RootFeature.swift */,
				B627BF0428295B3B008F64EA /* FeatureOne.swift */,
			);
			path = views;
			sourceTree = "<group>";
		};
		B627BEF9282910E5008F64EA /* base */ = {
			isa = PBXGroup;
			children = (
				B64806A3276AB61500132332 /* BaseviewController.swift */,
			);
			path = base;
			sourceTree = "<group>";
		};
		B6480693276AB61500132332 = {
			isa = PBXGroup;
			children = (
				B648069E276AB61500132332 /* example */,
				B64806B5276AB61600132332 /* exampleTests */,
				B64806BF276AB61600132332 /* exampleUITests */,
				B648069D276AB61500132332 /* Products */,
				B64806D1276AB68500132332 /* Frameworks */,
			);
			sourceTree = "<group>";
		};
		B648069D276AB61500132332 /* Products */ = {
			isa = PBXGroup;
			children = (
				B648069C276AB61500132332 /* example.app */,
				B64806B2276AB61600132332 /* exampleTests.xctest */,
				B64806BC276AB61600132332 /* exampleUITests.xctest */,
			);
			name = Products;
			sourceTree = "<group>";
		};
		B648069E276AB61500132332 /* example */ = {
			isa = PBXGroup;
			children = (
				B627BEF9282910E5008F64EA /* base */,
				B627BEF8282910DD008F64EA /* views */,
				B648069F276AB61500132332 /* AppDelegate.swift */,
				B64806A1276AB61500132332 /* SceneDelegate.swift */,
				B64806A5276AB61500132332 /* Main.storyboard */,
				B64806A8276AB61600132332 /* Assets.xcassets */,
				B64806AA276AB61600132332 /* LaunchScreen.storyboard */,
				B64806AD276AB61600132332 /* Info.plist */,
				B627BEFA282911D0008F64EA /* ViewController.swift */,
			);
			path = example;
			sourceTree = "<group>";
		};
		B64806B5276AB61600132332 /* exampleTests */ = {
			isa = PBXGroup;
			children = (
				B64806B6276AB61600132332 /* exampleTests.swift */,
			);
			path = exampleTests;
			sourceTree = "<group>";
		};
		B64806BF276AB61600132332 /* exampleUITests */ = {
			isa = PBXGroup;
			children = (
				B64806C0276AB61600132332 /* exampleUITests.swift */,
				B64806C2276AB61600132332 /* exampleUITestsLaunchTests.swift */,
			);
			path = exampleUITests;
			sourceTree = "<group>";
		};
		B64806D1276AB68500132332 /* Frameworks */ = {
			isa = PBXGroup;
			children = (
				B64806D6276AB70400132332 /* XCTest.framework */,
				B64806D4276AB6E400132332 /* ACIPCBTLib.tbd */,
			);
			name = Frameworks;
			sourceTree = "<group>";
		};
/* End PBXGroup section */

/* Begin PBXNativeTarget section */
		B648069B276AB61500132332 /* example */ = {
			isa = PBXNativeTarget;
			buildConfigurationList = B64806C6276AB61600132332 /* Build configuration list for PBXNativeTarget "example" */;
			buildPhases = (
				B6480698276AB61500132332 /* Sources */,
				B6480699276AB61500132332 /* Frameworks */,
				B648069A276AB61500132332 /* Resources */,
			);
			buildRules = (
			);
			dependencies = (
			);
			name = example;
			packageProductDependencies = (
			);
			productName = example;
			productReference = B648069C276AB61500132332 /* example.app */;
			productType = "com.apple.product-type.application";
		};
		B64806B1276AB61600132332 /* exampleTests */ = {
			isa = PBXNativeTarget;
			buildConfigurationList = B64806C9276AB61600132332 /* Build configuration list for PBXNativeTarget "exampleTests" */;
			buildPhases = (
				B64806AE276AB61600132332 /* Sources */,
				B64806AF276AB61600132332 /* Frameworks */,
				B64806B0276AB61600132332 /* Resources */,
			);
			buildRules = (
			);
			dependencies = (
				B64806B4276AB61600132332 /* PBXTargetDependency */,
			);
			name = exampleTests;
			productName = exampleTests;
			productReference = B64806B2276AB61600132332 /* exampleTests.xctest */;
			productType = "com.apple.product-type.bundle.unit-test";
		};
		B64806BB276AB61600132332 /* exampleUITests */ = {
			isa = PBXNativeTarget;
			buildConfigurationList = B64806CC276AB61600132332 /* Build configuration list for PBXNativeTarget "exampleUITests" */;
			buildPhases = (
				B64806B8276AB61600132332 /* Sources */,
				B64806B9276AB61600132332 /* Frameworks */,
				B64806BA276AB61600132332 /* Resources */,
			);
			buildRules = (
			);
			dependencies = (
				B64806BE276AB61600132332 /* PBXTargetDependency */,
			);
			name = exampleUITests;
			productName = exampleUITests;
			productReference = B64806BC276AB61600132332 /* exampleUITests.xctest */;
			productType = "com.apple.product-type.bundle.ui-testing";
		};
/* End PBXNativeTarget section */

/* Begin PBXProject section */
		B6480694276AB61500132332 /* Project object */ = {
			isa = PBXProject;
			attributes = {
				BuildIndependentTargetsInParallel = 1;
				LastSwiftUpdateCheck = 1320;
				LastUpgradeCheck = 1320;
				TargetAttributes = {
					B648069B276AB61500132332 = {
						CreatedOnToolsVersion = 13.2;
					};
					B64806B1276AB61600132332 = {
						CreatedOnToolsVersion = 13.2;
						TestTargetID = B648069B276AB61500132332;
					};
					B64806BB276AB61600132332 = {
						CreatedOnToolsVersion = 13.2;
						TestTargetID = B648069B276AB61500132332;
					};
				};
			};
			buildConfigurationList = B6480697276AB61500132332 /* Build configuration list for PBXProject "example" */;
			compatibilityVersion = "Xcode 13.0";
			developmentRegion = en;
			hasScannedForEncodings = 0;
			knownRegions = (
				en,
				Base,
			);
			mainGroup = B6480693276AB61500132332;
			productRefGroup = B648069D276AB61500132332 /* Products */;
			projectDirPath = "";
			projectRoot = "";
			targets = (
				B648069B276AB61500132332 /* example */,
				B64806B1276AB61600132332 /* exampleTests */,
				B64806BB276AB61600132332 /* exampleUITests */,
			);
		};
/* End PBXProject section */

/* Begin PBXResourcesBuildPhase section */
		B648069A276AB61500132332 /* Resources */ = {
			isa = PBXResourcesBuildPhase;
			buildActionMask = 2147483647;
			files = (
				B64806AC276AB61600132332 /* LaunchScreen.storyboard in Resources */,
				B64806A9276AB61600132332 /* Assets.xcassets in Resources */,
				B64806A7276AB61500132332 /* Main.storyboard in Resources */,
			);
			runOnlyForDeploymentPostprocessing = 0;
		};
		B64806B0276AB61600132332 /* Resources */ = {
			isa = PBXResourcesBuildPhase;
			buildActionMask = 2147483647;
			files = (
			);
			runOnlyForDeploymentPostprocessing = 0;
		};
		B64806BA276AB61600132332 /* Resources */ = {
			isa = PBXResourcesBuildPhase;
			buildActionMask = 2147483647;
			files = (
			);
			runOnlyForDeploymentPostprocessing = 0;
		};
/* End PBXResourcesBuildPhase section */

/* Begin PBXSourcesBuildPhase section */
		B6480698276AB61500132332 /* Sources */ = {
			isa = PBXSourcesBuildPhase;
			buildActionMask = 2147483647;
			files = (
				B64806A4276AB61500132332 /* BaseviewController.swift in Sources */,
				B64806A0276AB61500132332 /* AppDelegate.swift in Sources */,
				B627BEFB282911D0008F64EA /* ViewController.swift in Sources */,
				B627BF0328291654008F64EA /* RootFeature.swift in Sources */,
				B64806A2276AB61500132332 /* SceneDelegate.swift in Sources */,
				B627BF0528295B3B008F64EA /* FeatureOne.swift in Sources */,
			);
			runOnlyForDeploymentPostprocessing = 0;
		};
		B64806AE276AB61600132332 /* Sources */ = {
			isa = PBXSourcesBuildPhase;
			buildActionMask = 2147483647;
			files = (
				B64806B7276AB61600132332 /* exampleTests.swift in Sources */,
			);
			runOnlyForDeploymentPostprocessing = 0;
		};
		B64806B8276AB61600132332 /* Sources */ = {
			isa = PBXSourcesBuildPhase;
			buildActionMask = 2147483647;
			files = (
				B64806C1276AB61600132332 /* exampleUITests.swift in Sources */,
				B64806C3276AB61600132332 /* exampleUITestsLaunchTests.swift in Sources */,
			);
			runOnlyForDeploymentPostprocessing = 0;
		};
/* End PBXSourcesBuildPhase section */

/* Begin PBXTargetDependency section */
		B64806B4276AB61600132332 /* PBXTargetDependency */ = {
			isa = PBXTargetDependency;
			target = B648069B276AB61500132332 /* example */;
			targetProxy = B64806B3276AB61600132332 /* PBXContainerItemProxy */;
		};
		B64806BE276AB61600132332 /* PBXTargetDependency */ = {
			isa = PBXTargetDependency;
			target = B648069B276AB61500132332 /* example */;
			targetProxy = B64806BD276AB61600132332 /* PBXContainerItemProxy */;
		};
/* End PBXTargetDependency section */

/* Begin PBXVariantGroup section */
		B64806A5276AB61500132332 /* Main.storyboard */ = {
			isa = PBXVariantGroup;
			children = (
				B64806A6276AB61500132332 /* Base */,
			);
			name = Main.storyboard;
			sourceTree = "<group>";
		};
		B64806AA276AB61600132332 /* LaunchScreen.storyboard */ = {
			isa = PBXVariantGroup;
			children = (
				B64806AB276AB61600132332 /* Base */,
			);
			name = LaunchScreen.storyboard;
			sourceTree = "<group>";
		};
/* End PBXVariantGroup section */

/* Begin XCBuildConfiguration section */
		B64806C4276AB61600132332 /* Debug */ = {
			isa = XCBuildConfiguration;
			buildSettings = {
				ALWAYS_SEARCH_USER_PATHS = NO;
				CLANG_ANALYZER_NONNULL = YES;
				CLANG_ANALYZER_NUMBER_OBJECT_CONVERSION = YES_AGGRESSIVE;
				CLANG_CXX_LANGUAGE_STANDARD = "gnu++17";
				CLANG_CXX_LIBRARY = "libc++";
				CLANG_ENABLE_MODULES = YES;
				CLANG_ENABLE_OBJC_ARC = YES;
				CLANG_ENABLE_OBJC_WEAK = YES;
				CLANG_WARN_BLOCK_CAPTURE_AUTORELEASING = YES;
				CLANG_WARN_BOOL_CONVERSION = YES;
				CLANG_WARN_COMMA = YES;
				CLANG_WARN_CONSTANT_CONVERSION = YES;
				CLANG_WARN_DEPRECATED_OBJC_IMPLEMENTATIONS = YES;
				CLANG_WARN_DIRECT_OBJC_ISA_USAGE = YES_ERROR;
				CLANG_WARN_DOCUMENTATION_COMMENTS = YES;
				CLANG_WARN_EMPTY_BODY = YES;
				CLANG_WARN_ENUM_CONVERSION = YES;
				CLANG_WARN_INFINITE_RECURSION = YES;
				CLANG_WARN_INT_CONVERSION = YES;
				CLANG_WARN_NON_LITERAL_NULL_CONVERSION = YES;
				CLANG_WARN_OBJC_IMPLICIT_RETAIN_SELF = YES;
				CLANG_WARN_OBJC_LITERAL_CONVERSION = YES;
				CLANG_WARN_OBJC_ROOT_CLASS = YES_ERROR;
				CLANG_WARN_QUOTED_INCLUDE_IN_FRAMEWORK_HEADER = YES;
				CLANG_WARN_RANGE_LOOP_ANALYSIS = YES;
				CLANG_WARN_STRICT_PROTOTYPES = YES;
				CLANG_WARN_SUSPICIOUS_MOVE = YES;
				CLANG_WARN_UNGUARDED_AVAILABILITY = YES_AGGRESSIVE;
				CLANG_WARN_UNREACHABLE_CODE = YES;
				CLANG_WARN__DUPLICATE_METHOD_MATCH = YES;
				COPY_PHASE_STRIP = NO;
				DEBUG_INFORMATION_FORMAT = dwarf;
				ENABLE_STRICT_OBJC_MSGSEND = YES;
				ENABLE_TESTABILITY = YES;
				GCC_C_LANGUAGE_STANDARD = gnu11;
				GCC_DYNAMIC_NO_PIC = NO;
				GCC_NO_COMMON_BLOCKS = YES;
				GCC_OPTIMIZATION_LEVEL = 0;
				GCC_PREPROCESSOR_DEFINITIONS = (
					"DEBUG=1",
					"$(inherited)",
				);
				GCC_WARN_64_TO_32_BIT_CONVERSION = YES;
				GCC_WARN_ABOUT_RETURN_TYPE = YES_ERROR;
				GCC_WARN_UNDECLARED_SELECTOR = YES;
				GCC_WARN_UNINITIALIZED_AUTOS = YES_AGGRESSIVE;
				GCC_WARN_UNUSED_FUNCTION = YES;
				GCC_WARN_UNUSED_VARIABLE = YES;
				IPHONEOS_DEPLOYMENT_TARGET = 15.2;
				MTL_ENABLE_DEBUG_INFO = INCLUDE_SOURCE;
				MTL_FAST_MATH = YES;
				ONLY_ACTIVE_ARCH = YES;
				SDKROOT = iphoneos;
				SWIFT_ACTIVE_COMPILATION_CONDITIONS = DEBUG;
				SWIFT_OPTIMIZATION_LEVEL = "-Onone";
			};
			name = Debug;
		};
		B64806C5276AB61600132332 /* Release */ = {
			isa = XCBuildConfiguration;
			buildSettings = {
				ALWAYS_SEARCH_USER_PATHS = NO;
				CLANG_ANALYZER_NONNULL = YES;
				CLANG_ANALYZER_NUMBER_OBJECT_CONVERSION = YES_AGGRESSIVE;
				CLANG_CXX_LANGUAGE_STANDARD = "gnu++17";
				CLANG_CXX_LIBRARY = "libc++";
				CLANG_ENABLE_MODULES = YES;
				CLANG_ENABLE_OBJC_ARC = YES;
				CLANG_ENABLE_OBJC_WEAK = YES;
				CLANG_WARN_BLOCK_CAPTURE_AUTORELEASING = YES;
				CLANG_WARN_BOOL_CONVERSION = YES;
				CLANG_WARN_COMMA = YES;
				CLANG_WARN_CONSTANT_CONVERSION = YES;
				CLANG_WARN_DEPRECATED_OBJC_IMPLEMENTATIONS = YES;
				CLANG_WARN_DIRECT_OBJC_ISA_USAGE = YES_ERROR;
				CLANG_WARN_DOCUMENTATION_COMMENTS = YES;
				CLANG_WARN_EMPTY_BODY = YES;
				CLANG_WARN_ENUM_CONVERSION = YES;
				CLANG_WARN_INFINITE_RECURSION = YES;
				CLANG_WARN_INT_CONVERSION = YES;
				CLANG_WARN_NON_LITERAL_NULL_CONVERSION = YES;
				CLANG_WARN_OBJC_IMPLICIT_RETAIN_SELF = YES;
				CLANG_WARN_OBJC_LITERAL_CONVERSION = YES;
				CLANG_WARN_OBJC_ROOT_CLASS = YES_ERROR;
				CLANG_WARN_QUOTED_INCLUDE_IN_FRAMEWORK_HEADER = YES;
				CLANG_WARN_RANGE_LOOP_ANALYSIS = YES;
				CLANG_WARN_STRICT_PROTOTYPES = YES;
				CLANG_WARN_SUSPICIOUS_MOVE = YES;
				CLANG_WARN_UNGUARDED_AVAILABILITY = YES_AGGRESSIVE;
				CLANG_WARN_UNREACHABLE_CODE = YES;
				CLANG_WARN__DUPLICATE_METHOD_MATCH = YES;
				COPY_PHASE_STRIP = NO;
				DEBUG_INFORMATION_FORMAT = "dwarf-with-dsym";
				ENABLE_NS_ASSERTIONS = NO;
				ENABLE_STRICT_OBJC_MSGSEND = YES;
				GCC_C_LANGUAGE_STANDARD = gnu11;
				GCC_NO_COMMON_BLOCKS = YES;
				GCC_WARN_64_TO_32_BIT_CONVERSION = YES;
				GCC_WARN_ABOUT_RETURN_TYPE = YES_ERROR;
				GCC_WARN_UNDECLARED_SELECTOR = YES;
				GCC_WARN_UNINITIALIZED_AUTOS = YES_AGGRESSIVE;
				GCC_WARN_UNUSED_FUNCTION = YES;
				GCC_WARN_UNUSED_VARIABLE = YES;
				IPHONEOS_DEPLOYMENT_TARGET = 15.2;
				MTL_ENABLE_DEBUG_INFO = NO;
				MTL_FAST_MATH = YES;
				SDKROOT = iphoneos;
				SWIFT_COMPILATION_MODE = wholemodule;
				SWIFT_OPTIMIZATION_LEVEL = "-O";
				VALIDATE_PRODUCT = YES;
			};
			name = Release;
		};
		B64806C7276AB61600132332 /* Debug */ = {
			isa = XCBuildConfiguration;
			buildSettings = {
				ASSETCATALOG_COMPILER_APPICON_NAME = AppIcon;
				ASSETCATALOG_COMPILER_GLOBAL_ACCENT_COLOR_NAME = AccentColor;
				CODE_SIGN_STYLE = Automatic;
				CURRENT_PROJECT_VERSION = 1;
				DEVELOPMENT_TEAM = 952935Q98J;
				GENERATE_INFOPLIST_FILE = YES;
				INFOPLIST_FILE = example/Info.plist;
				INFOPLIST_KEY_UIApplicationSupportsIndirectInputEvents = YES;
				INFOPLIST_KEY_UILaunchStoryboardName = LaunchScreen;
				INFOPLIST_KEY_UIMainStoryboardFile = Main;
				INFOPLIST_KEY_UISupportedInterfaceOrientations_iPad = "UIInterfaceOrientationPortrait UIInterfaceOrientationPortraitUpsideDown UIInterfaceOrientationLandscapeLeft UIInterfaceOrientationLandscapeRight";
				INFOPLIST_KEY_UISupportedInterfaceOrientations_iPhone = "UIInterfaceOrientationPortrait UIInterfaceOrientationLandscapeLeft UIInterfaceOrientationLandscapeRight";
				LD_RUNPATH_SEARCH_PATHS = (
					"$(inherited)",
					"@executable_path/Frameworks",
				);
				MARKETING_VERSION = 1.0;
				PRODUCT_BUNDLE_IDENTIFIER = com.example;
				PRODUCT_NAME = "$(TARGET_NAME)";
				SWIFT_EMIT_LOC_STRINGS = YES;
				SWIFT_VERSION = 5.0;
				TARGETED_DEVICE_FAMILY = 1;
			};
			name = Debug;
		};
		B64806C8276AB61600132332 /* Release */ = {
			isa = XCBuildConfiguration;
			buildSettings = {
				ASSETCATALOG_COMPILER_APPICON_NAME = AppIcon;
				ASSETCATALOG_COMPILER_GLOBAL_ACCENT_COLOR_NAME = AccentColor;
				CODE_SIGN_STYLE = Automatic;
				CURRENT_PROJECT_VERSION = 1;
				DEVELOPMENT_TEAM = 952935Q98J;
				GENERATE_INFOPLIST_FILE = YES;
				INFOPLIST_FILE = example/Info.plist;
				INFOPLIST_KEY_UIApplicationSupportsIndirectInputEvents = YES;
				INFOPLIST_KEY_UILaunchStoryboardName = LaunchScreen;
				INFOPLIST_KEY_UIMainStoryboardFile = Main;
				INFOPLIST_KEY_UISupportedInterfaceOrientations_iPad = "UIInterfaceOrientationPortrait UIInterfaceOrientationPortraitUpsideDown UIInterfaceOrientationLandscapeLeft UIInterfaceOrientationLandscapeRight";
				INFOPLIST_KEY_UISupportedInterfaceOrientations_iPhone = "UIInterfaceOrientationPortrait UIInterfaceOrientationLandscapeLeft UIInterfaceOrientationLandscapeRight";
				LD_RUNPATH_SEARCH_PATHS = (
					"$(inherited)",
					"@executable_path/Frameworks",
				);
				MARKETING_VERSION = 1.0;
				PRODUCT_BUNDLE_IDENTIFIER = com.example;
				PRODUCT_NAME = "$(TARGET_NAME)";
				SWIFT_EMIT_LOC_STRINGS = YES;
				SWIFT_VERSION = 5.0;
				TARGETED_DEVICE_FAMILY = 1;
			};
			name = Release;
		};
		B64806CA276AB61600132332 /* Debug */ = {
			isa = XCBuildConfiguration;
			buildSettings = {
				ALWAYS_EMBED_SWIFT_STANDARD_LIBRARIES = YES;
				BUNDLE_LOADER = "$(TEST_HOST)";
				CODE_SIGN_STYLE = Automatic;
				CURRENT_PROJECT_VERSION = 1;
				DEVELOPMENT_TEAM = 952935Q98J;
				GENERATE_INFOPLIST_FILE = YES;
				IPHONEOS_DEPLOYMENT_TARGET = 15.2;
				MARKETING_VERSION = 1.0;
				PRODUCT_BUNDLE_IDENTIFIER = com.exampleTests;
				PRODUCT_NAME = "$(TARGET_NAME)";
				SWIFT_EMIT_LOC_STRINGS = NO;
				SWIFT_VERSION = 5.0;
				TARGETED_DEVICE_FAMILY = "1,2";
				TEST_HOST = "$(BUILT_PRODUCTS_DIR)/example.app/example";
			};
			name = Debug;
		};
		B64806CB276AB61600132332 /* Release */ = {
			isa = XCBuildConfiguration;
			buildSettings = {
				ALWAYS_EMBED_SWIFT_STANDARD_LIBRARIES = YES;
				BUNDLE_LOADER = "$(TEST_HOST)";
				CODE_SIGN_STYLE = Automatic;
				CURRENT_PROJECT_VERSION = 1;
				DEVELOPMENT_TEAM = 952935Q98J;
				GENERATE_INFOPLIST_FILE = YES;
				IPHONEOS_DEPLOYMENT_TARGET = 15.2;
				MARKETING_VERSION = 1.0;
				PRODUCT_BUNDLE_IDENTIFIER = com.exampleTests;
				PRODUCT_NAME = "$(TARGET_NAME)";
				SWIFT_EMIT_LOC_STRINGS = NO;
				SWIFT_VERSION = 5.0;
				TARGETED_DEVICE_FAMILY = "1,2";
				TEST_HOST = "$(BUILT_PRODUCTS_DIR)/example.app/example";
			};
			name = Release;
		};
		B64806CD276AB61600132332 /* Debug */ = {
			isa = XCBuildConfiguration;
			buildSettings = {
				ALWAYS_EMBED_SWIFT_STANDARD_LIBRARIES = YES;
				CODE_SIGN_STYLE = Automatic;
				CURRENT_PROJECT_VERSION = 1;
				DEVELOPMENT_TEAM = 952935Q98J;
				GENERATE_INFOPLIST_FILE = YES;
				MARKETING_VERSION = 1.0;
				PRODUCT_BUNDLE_IDENTIFIER = com.exampleUITests;
				PRODUCT_NAME = "$(TARGET_NAME)";
				SWIFT_EMIT_LOC_STRINGS = NO;
				SWIFT_VERSION = 5.0;
				TARGETED_DEVICE_FAMILY = "1,2";
				TEST_TARGET_NAME = example;
			};
			name = Debug;
		};
		B64806CE276AB61600132332 /* Release */ = {
			isa = XCBuildConfiguration;
			buildSettings = {
				ALWAYS_EMBED_SWIFT_STANDARD_LIBRARIES = YES;
				CODE_SIGN_STYLE = Automatic;
				CURRENT_PROJECT_VERSION = 1;
				DEVELOPMENT_TEAM = 952935Q98J;
				GENERATE_INFOPLIST_FILE = YES;
				MARKETING_VERSION = 1.0;
				PRODUCT_BUNDLE_IDENTIFIER = com.exampleUITests;
				PRODUCT_NAME = "$(TARGET_NAME)";
				SWIFT_EMIT_LOC_STRINGS = NO;
				SWIFT_VERSION = 5.0;
				TARGETED_DEVICE_FAMILY = "1,2";
				TEST_TARGET_NAME = example;
			};
			name = Release;
		};
/* End XCBuildConfiguration section */

/* Begin XCConfigurationList section */
		B6480697276AB61500132332 /* Build configuration list for PBXProject "example" */ = {
			isa = XCConfigurationList;
			buildConfigurations = (
				B64806C4276AB61600132332 /* Debug */,
				B64806C5276AB61600132332 /* Release */,
			);
			defaultConfigurationIsVisible = 0;
			defaultConfigurationName = Release;
		};
		B64806C6276AB61600132332 /* Build configuration list for PBXNativeTarget "example" */ = {
			isa = XCConfigurationList;
			buildConfigurations = (
				B64806C7276AB61600132332 /* Debug */,
				B64806C8276AB61600132332 /* Release */,
			);
			defaultConfigurationIsVisible = 0;
			defaultConfigurationName = Release;
		};
		B64806C9276AB61600132332 /* Build configuration list for PBXNativeTarget "exampleTests" */ = {
			isa = XCConfigurationList;
			buildConfigurations = (
				B64806CA276AB61600132332 /* Debug */,
				B64806CB276AB61600132332 /* Release */,
			);
			defaultConfigurationIsVisible = 0;
			defaultConfigurationName = Release;
		};
		B64806CC276AB61600132332 /* Build configuration list for PBXNativeTarget "exampleUITests" */ = {
			isa = XCConfigurationList;
			buildConfigurations = (
				B64806CD276AB61600132332 /* Debug */,
				B64806CE276AB61600132332 /* Release */,
			);
			defaultConfigurationIsVisible = 0;
			defaultConfigurationName = Release;
		};
/* End XCConfigurationList section */
	};
	rootObject = B6480694276AB61500132332 /* Project object */;
}
